Microsoft Visual Studio Solution File, Format Version 12.00
# Visual Studio Version 17
VisualStudioVersion = 17.5.2.0
MinimumVisualStudioVersion = 10.0.40219.1
Project("{FAE04EC0-301F-11D3-BF4B-00C04F79EFBC}") = "MarketHub.Api", "MarketHub.Api\MarketHub.Api.csproj", "{7F7BFEB3-2BB3-3B0C-3147-3E23477E775F}"
EndProject
Global
	GlobalSection(SolutionConfigurationPlatforms) = preSolution
		Debug|Any CPU = Debug|Any CPU
		Release|Any CPU = Release|Any CPU
	EndGlobalSection
	GlobalSection(ProjectConfigurationPlatforms) = postSolution
		{7F7BFEB3-2BB3-3B0C-3147-3E23477E775F}.Debug|Any CPU.ActiveCfg = Debug|Any CPU
		{7F7BFEB3-2BB3-3B0C-3147-3E23477E775F}.Debug|Any CPU.Build.0 = Debug|Any CPU
		{7F7BFEB3-2BB3-3B0C-3147-3E23477E775F}.Release|Any CPU.ActiveCfg = Release|Any CPU
		{7F7BFEB3-2BB3-3B0C-3147-3E23477E775F}.Release|Any CPU.Build.0 = Release|Any CPU
	EndGlobalSection
	GlobalSection(SolutionProperties) = preSolution
		HideSolutionNode = FALSE
	EndGlobalSection
	GlobalSection(ExtensibilityGlobals) = postSolution
		SolutionGuid = {7494E4DE-613D-47EB-8EA4-57A053C8C857}
	EndGlobalSection
EndGlobal
